// !$*UTF8*$!
{
	archiveVersion = 1;
	classes = {
	};
	objectVersion = 51;
	objects = {

/* Begin PBXBuildFile section */
		AD69C70E6959A97260D6285B /* Pods_URLSession.framework in Frameworks */ = {isa = PBXBuildFile; fileRef = 2D2667329BBD7880C4092AE6 /* Pods_URLSession.framework */; };
		B861F70826FCC2A7009F4794 /* AppDelegate.swift in Sources */ = {isa = PBXBuildFile; fileRef = B861F70726FCC2A7009F4794 /* AppDelegate.swift */; };
		B861F70A26FCC2A7009F4794 /* SceneDelegate.swift in Sources */ = {isa = PBXBuildFile; fileRef = B861F70926FCC2A7009F4794 /* SceneDelegate.swift */; };
		B861F70F26FCC2A7009F4794 /* Main.storyboard in Resources */ = {isa = PBXBuildFile; fileRef = B861F70D26FCC2A7009F4794 /* Main.storyboard */; };
		B861F71126FCC2A9009F4794 /* Assets.xcassets in Resources */ = {isa = PBXBuildFile; fileRef = B861F71026FCC2A9009F4794 /* Assets.xcassets */; };
		B861F71426FCC2A9009F4794 /* LaunchScreen.storyboard in Resources */ = {isa = PBXBuildFile; fileRef = B861F71226FCC2A9009F4794 /* LaunchScreen.storyboard */; };
		B861F71C26FCC608009F4794 /* CollectionViewController.swift in Sources */ = {isa = PBXBuildFile; fileRef = B861F71B26FCC608009F4794 /* CollectionViewController.swift */; };
		B861F71E26FCC615009F4794 /* CollectionViewCell.swift in Sources */ = {isa = PBXBuildFile; fileRef = B861F71D26FCC615009F4794 /* CollectionViewCell.swift */; };
		B861F72126FCCB25009F4794 /* ViewController.swift in Sources */ = {isa = PBXBuildFile; fileRef = B861F72026FCCB25009F4794 /* ViewController.swift */; };
		B861F72326FCCCA0009F4794 /* NetworkManager.swift in Sources */ = {isa = PBXBuildFile; fileRef = B861F72226FCCCA0009F4794 /* NetworkManager.swift */; };
		B861F72626FE4DB5009F4794 /* DataProvider.swift in Sources */ = {isa = PBXBuildFile; fileRef = B861F72526FE4DB5009F4794 /* DataProvider.swift */; };
		B86CD9E627037D7300CE7E83 /* Post.swift in Sources */ = {isa = PBXBuildFile; fileRef = B86CD9E527037D7300CE7E83 /* Post.swift */; };
		B86CD9E827038DD200CE7E83 /* TableViewController.swift in Sources */ = {isa = PBXBuildFile; fileRef = B86CD9E727038DD200CE7E83 /* TableViewController.swift */; };
		B86CD9EA27038FDD00CE7E83 /* TableViewCell.swift in Sources */ = {isa = PBXBuildFile; fileRef = B86CD9E927038FDD00CE7E83 /* TableViewCell.swift */; };
/* End PBXBuildFile section */

/* Begin PBXFileReference section */
		0F628E6CE2FD3F0BF74DEE1B /* Pods-URLSession.release.xcconfig */ = {isa = PBXFileReference; includeInIndex = 1; lastKnownFileType = text.xcconfig; name = "Pods-URLSession.release.xcconfig"; path = "Target Support Files/Pods-URLSession/Pods-URLSession.release.xcconfig"; sourceTree = "<group>"; };
		2D2667329BBD7880C4092AE6 /* Pods_URLSession.framework */ = {isa = PBXFileReference; explicitFileType = wrapper.framework; includeInIndex = 0; path = Pods_URLSession.framework; sourceTree = BUILT_PRODUCTS_DIR; };
		A62E3AEEB00BD9511D1E79B1 /* Pods-URLSession.debug.xcconfig */ = {isa = PBXFileReference; includeInIndex = 1; lastKnownFileType = text.xcconfig; name = "Pods-URLSession.debug.xcconfig"; path = "Target Support Files/Pods-URLSession/Pods-URLSession.debug.xcconfig"; sourceTree = "<group>"; };
		B861F70426FCC2A7009F4794 /* URLSession.app */ = {isa = PBXFileReference; explicitFileType = wrapper.application; includeInIndex = 0; path = URLSession.app; sourceTree = BUILT_PRODUCTS_DIR; };
		B861F70726FCC2A7009F4794 /* AppDelegate.swift */ = {isa = PBXFileReference; lastKnownFileType = sourcecode.swift; path = AppDelegate.swift; sourceTree = "<group>"; };
		B861F70926FCC2A7009F4794 /* SceneDelegate.swift */ = {isa = PBXFileReference; lastKnownFileType = sourcecode.swift; path = SceneDelegate.swift; sourceTree = "<group>"; };
		B861F70E26FCC2A7009F4794 /* Base */ = {isa = PBXFileReference; lastKnownFileType = file.storyboard; name = Base; path = Base.lproj/Main.storyboard; sourceTree = "<group>"; };
		B861F71026FCC2A9009F4794 /* Assets.xcassets */ = {isa = PBXFileReference; lastKnownFileType = folder.assetcatalog; path = Assets.xcassets; sourceTree = "<group>"; };
		B861F71326FCC2A9009F4794 /* Base */ = {isa = PBXFileReference; lastKnownFileType = file.storyboard; name = Base; path = Base.lproj/LaunchScreen.storyboard; sourceTree = "<group>"; };
		B861F71526FCC2A9009F4794 /* Info.plist */ = {isa = PBXFileReference; lastKnownFileType = text.plist.xml; path = Info.plist; sourceTree = "<group>"; };
		B861F71B26FCC608009F4794 /* CollectionViewController.swift */ = {isa = PBXFileReference; lastKnownFileType = sourcecode.swift; path = CollectionViewController.swift; sourceTree = "<group>"; };
		B861F71D26FCC615009F4794 /* CollectionViewCell.swift */ = {isa = PBXFileReference; lastKnownFileType = sourcecode.swift; path = CollectionViewCell.swift; sourceTree = "<group>"; };
		B861F72026FCCB25009F4794 /* ViewController.swift */ = {isa = PBXFileReference; lastKnownFileType = sourcecode.swift; path = ViewController.swift; sourceTree = "<group>"; };
		B861F72226FCCCA0009F4794 /* NetworkManager.swift */ = {isa = PBXFileReference; lastKnownFileType = sourcecode.swift; path = NetworkManager.swift; sourceTree = "<group>"; };
		B861F72526FE4DB5009F4794 /* DataProvider.swift */ = {isa = PBXFileReference; lastKnownFileType = sourcecode.swift; path = DataProvider.swift; sourceTree = "<group>"; };
		B86CD9E527037D7300CE7E83 /* Post.swift */ = {isa = PBXFileReference; lastKnownFileType = sourcecode.swift; path = Post.swift; sourceTree = "<group>"; };
		B86CD9E727038DD200CE7E83 /* TableViewController.swift */ = {isa = PBXFileReference; lastKnownFileType = sourcecode.swift; path = TableViewController.swift; sourceTree = "<group>"; };
		B86CD9E927038FDD00CE7E83 /* TableViewCell.swift */ = {isa = PBXFileReference; lastKnownFileType = sourcecode.swift; path = TableViewCell.swift; sourceTree = "<group>"; };
/* End PBXFileReference section */

/* Begin PBXFrameworksBuildPhase section */
		B861F70126FCC2A7009F4794 /* Frameworks */ = {
			isa = PBXFrameworksBuildPhase;
			buildActionMask = 2147483647;
			files = (
				AD69C70E6959A97260D6285B /* Pods_URLSession.framework in Frameworks */,
			);
			runOnlyForDeploymentPostprocessing = 0;
		};
/* End PBXFrameworksBuildPhase section */

/* Begin PBXGroup section */
		3CD25369085D27A34CDD331C /* Frameworks */ = {
			isa = PBXGroup;
			children = (
				2D2667329BBD7880C4092AE6 /* Pods_URLSession.framework */,
			);
			name = Frameworks;
			sourceTree = "<group>";
		};
		810E72D1699C63A8CFC248BE /* Pods */ = {
			isa = PBXGroup;
			children = (
				A62E3AEEB00BD9511D1E79B1 /* Pods-URLSession.debug.xcconfig */,
				0F628E6CE2FD3F0BF74DEE1B /* Pods-URLSession.release.xcconfig */,
			);
			path = Pods;
			sourceTree = "<group>";
		};
		B861F6FB26FCC2A7009F4794 = {
			isa = PBXGroup;
			children = (
				B861F70626FCC2A7009F4794 /* URLSession */,
				B861F70526FCC2A7009F4794 /* Products */,
				810E72D1699C63A8CFC248BE /* Pods */,
				3CD25369085D27A34CDD331C /* Frameworks */,
			);
			sourceTree = "<group>";
		};
		B861F70526FCC2A7009F4794 /* Products */ = {
			isa = PBXGroup;
			children = (
				B861F70426FCC2A7009F4794 /* URLSession.app */,
			);
			name = Products;
			sourceTree = "<group>";
		};
		B861F70626FCC2A7009F4794 /* URLSession */ = {
			isa = PBXGroup;
			children = (
				B861F70726FCC2A7009F4794 /* AppDelegate.swift */,
				B861F70926FCC2A7009F4794 /* SceneDelegate.swift */,
				B861F70D26FCC2A7009F4794 /* Main.storyboard */,
				B861F72426FCCCFC009F4794 /* Managers */,
				B861F71F26FCC8CD009F4794 /* Controller */,
				B861F71026FCC2A9009F4794 /* Assets.xcassets */,
				B861F71226FCC2A9009F4794 /* LaunchScreen.storyboard */,
				B861F71526FCC2A9009F4794 /* Info.plist */,
			);
			path = URLSession;
			sourceTree = "<group>";
		};
		B861F71F26FCC8CD009F4794 /* Controller */ = {
			isa = PBXGroup;
			children = (
				B861F72026FCCB25009F4794 /* ViewController.swift */,
				B861F71B26FCC608009F4794 /* CollectionViewController.swift */,
				B861F71D26FCC615009F4794 /* CollectionViewCell.swift */,
				B86CD9E927038FDD00CE7E83 /* TableViewCell.swift */,
				B86CD9E727038DD200CE7E83 /* TableViewController.swift */,
			);
			path = Controller;
			sourceTree = "<group>";
		};
		B861F72426FCCCFC009F4794 /* Managers */ = {
			isa = PBXGroup;
			children = (
				B861F72226FCCCA0009F4794 /* NetworkManager.swift */,
				B861F72526FE4DB5009F4794 /* DataProvider.swift */,
				B86CD9E527037D7300CE7E83 /* Post.swift */,
			);
			path = Managers;
			sourceTree = "<group>";
		};
/* End PBXGroup section */

/* Begin PBXNativeTarget section */
		B861F70326FCC2A7009F4794 /* URLSession */ = {
			isa = PBXNativeTarget;
			buildConfigurationList = B861F71826FCC2A9009F4794 /* Build configuration list for PBXNativeTarget "URLSession" */;
			buildPhases = (
				385EF9DA6B1BC45FF47C2581 /* [CP] Check Pods Manifest.lock */,
				B861F70026FCC2A7009F4794 /* Sources */,
				B861F70126FCC2A7009F4794 /* Frameworks */,
				B861F70226FCC2A7009F4794 /* Resources */,
				0ECB1F9F10AF9F21FA3CDFE1 /* [CP] Embed Pods Frameworks */,
			);
			buildRules = (
			);
			dependencies = (
			);
			name = URLSession;
			productName = URLSession;
			productReference = B861F70426FCC2A7009F4794 /* URLSession.app */;
			productType = "com.apple.product-type.application";
		};
/* End PBXNativeTarget section */

/* Begin PBXProject section */
		B861F6FC26FCC2A7009F4794 /* Project object */ = {
			isa = PBXProject;
			attributes = {
				LastSwiftUpdateCheck = 1250;
				LastUpgradeCheck = 1250;
				TargetAttributes = {
					B861F70326FCC2A7009F4794 = {
						CreatedOnToolsVersion = 12.5.1;
					};
				};
			};
			buildConfigurationList = B861F6FF26FCC2A7009F4794 /* Build configuration list for PBXProject "URLSession" */;
			compatibilityVersion = "Xcode 9.3";
			developmentRegion = en;
			hasScannedForEncodings = 0;
			knownRegions = (
				en,
				Base,
			);
			mainGroup = B861F6FB26FCC2A7009F4794;
			productRefGroup = B861F70526FCC2A7009F4794 /* Products */;
			projectDirPath = "";
			projectRoot = "";
			targets = (
				B861F70326FCC2A7009F4794 /* URLSession */,
			);
		};
/* End PBXProject section */

/* Begin PBXResourcesBuildPhase section */
		B861F70226FCC2A7009F4794 /* Resources */ = {
			isa = PBXResourcesBuildPhase;
			buildActionMask = 2147483647;
			files = (
				B861F71426FCC2A9009F4794 /* LaunchScreen.storyboard in Resources */,
				B861F71126FCC2A9009F4794 /* Assets.xcassets in Resources */,
				B861F70F26FCC2A7009F4794 /* Main.storyboard in Resources */,
			);
			runOnlyForDeploymentPostprocessing = 0;
		};
/* End PBXResourcesBuildPhase section */

/* Begin PBXShellScriptBuildPhase section */
		0ECB1F9F10AF9F21FA3CDFE1 /* [CP] Embed Pods Frameworks */ = {
			isa = PBXShellScriptBuildPhase;
			buildActionMask = 2147483647;
			files = (
			);
			inputFileListPaths = (
				"${PODS_ROOT}/Target Support Files/Pods-URLSession/Pods-URLSession-frameworks-${CONFIGURATION}-input-files.xcfilelist",
			);
			name = "[CP] Embed Pods Frameworks";
			outputFileListPaths = (
				"${PODS_ROOT}/Target Support Files/Pods-URLSession/Pods-URLSession-frameworks-${CONFIGURATION}-output-files.xcfilelist",
			);
			runOnlyForDeploymentPostprocessing = 0;
			shellPath = /bin/sh;
			shellScript = "\"${PODS_ROOT}/Target Support Files/Pods-URLSession/Pods-URLSession-frameworks.sh\"\n";
			showEnvVarsInLog = 0;
		};
		385EF9DA6B1BC45FF47C2581 /* [CP] Check Pods Manifest.lock */ = {
			isa = PBXShellScriptBuildPhase;
			buildActionMask = 2147483647;
			files = (
			);
			inputFileListPaths = (
			);
			inputPaths = (
				"${PODS_PODFILE_DIR_PATH}/Podfile.lock",
				"${PODS_ROOT}/Manifest.lock",
			);
			name = "[CP] Check Pods Manifest.lock";
			outputFileListPaths = (
			);
			outputPaths = (
				"$(DERIVED_FILE_DIR)/Pods-URLSession-checkManifestLockResult.txt",
			);
			runOnlyForDeploymentPostprocessing = 0;
			shellPath = /bin/sh;
			shellScript = "diff \"${PODS_PODFILE_DIR_PATH}/Podfile.lock\" \"${PODS_ROOT}/Manifest.lock\" > /dev/null\nif [ $? != 0 ] ; then\n    # print error to STDERR\n    echo \"error: The sandbox is not in sync with the Podfile.lock. Run 'pod install' or update your CocoaPods installation.\" >&2\n    exit 1\nfi\n# This output is used by Xcode 'outputs' to avoid re-running this script phase.\necho \"SUCCESS\" > \"${SCRIPT_OUTPUT_FILE_0}\"\n";
			showEnvVarsInLog = 0;
		};
/* End PBXShellScriptBuildPhase section */

/* Begin PBXSourcesBuildPhase section */
		B861F70026FCC2A7009F4794 /* Sources */ = {
			isa = PBXSourcesBuildPhase;
			buildActionMask = 2147483647;
			files = (
				B861F72326FCCCA0009F4794 /* NetworkManager.swift in Sources */,
				B861F72126FCCB25009F4794 /* ViewController.swift in Sources */,
				B861F71E26FCC615009F4794 /* CollectionViewCell.swift in Sources */,
				B86CD9E627037D7300CE7E83 /* Post.swift in Sources */,
				B861F72626FE4DB5009F4794 /* DataProvider.swift in Sources */,
				B86CD9EA27038FDD00CE7E83 /* TableViewCell.swift in Sources */,
				B861F71C26FCC608009F4794 /* CollectionViewController.swift in Sources */,
				B861F70826FCC2A7009F4794 /* AppDelegate.swift in Sources */,
				B86CD9E827038DD200CE7E83 /* TableViewController.swift in Sources */,
				B861F70A26FCC2A7009F4794 /* SceneDelegate.swift in Sources */,
			);
			runOnlyForDeploymentPostprocessing = 0;
		};
/* End PBXSourcesBuildPhase section */

/* Begin PBXVariantGroup section */
		B861F70D26FCC2A7009F4794 /* Main.storyboard */ = {
			isa = PBXVariantGroup;
			children = (
				B861F70E26FCC2A7009F4794 /* Base */,
			);
			name = Main.storyboard;
			sourceTree = "<group>";
		};
		B861F71226FCC2A9009F4794 /* LaunchScreen.storyboard */ = {
			isa = PBXVariantGroup;
			children = (
				B861F71326FCC2A9009F4794 /* Base */,
			);
			name = LaunchScreen.storyboard;
			sourceTree = "<group>";
		};
/* End PBXVariantGroup section */

/* Begin XCBuildConfiguration section */
		B861F71626FCC2A9009F4794 /* Debug */ = {
			isa = XCBuildConfiguration;
			buildSettings = {
				ALWAYS_SEARCH_USER_PATHS = NO;
				CLANG_ANALYZER_NONNULL = YES;
				CLANG_ANALYZER_NUMBER_OBJECT_CONVERSION = YES_AGGRESSIVE;
				CLANG_CXX_LANGUAGE_STANDARD = "gnu++14";
				CLANG_CXX_LIBRARY = "libc++";
				CLANG_ENABLE_MODULES = YES;
				CLANG_ENABLE_OBJC_ARC = YES;
				CLANG_ENABLE_OBJC_WEAK = YES;
				CLANG_WARN_BLOCK_CAPTURE_AUTORELEASING = YES;
				CLANG_WARN_BOOL_CONVERSION = YES;
				CLANG_WARN_COMMA = YES;
				CLANG_WARN_CONSTANT_CONVERSION = YES;
				CLANG_WARN_DEPRECATED_OBJC_IMPLEMENTATIONS = YES;
				CLANG_WARN_DIRECT_OBJC_ISA_USAGE = YES_ERROR;
				CLANG_WARN_DOCUMENTATION_COMMENTS = YES;
				CLANG_WARN_EMPTY_BODY = YES;
				CLANG_WARN_ENUM_CONVERSION = YES;
				CLANG_WARN_INFINITE_RECURSION = YES;
				CLANG_WARN_INT_CONVERSION = YES;
				CLANG_WARN_NON_LITERAL_NULL_CONVERSION = YES;
				CLANG_WARN_OBJC_IMPLICIT_RETAIN_SELF = YES;
				CLANG_WARN_OBJC_LITERAL_CONVERSION = YES;
				CLANG_WARN_OBJC_ROOT_CLASS = YES_ERROR;
				CLANG_WARN_QUOTED_INCLUDE_IN_FRAMEWORK_HEADER = YES;
				CLANG_WARN_RANGE_LOOP_ANALYSIS = YES;
				CLANG_WARN_STRICT_PROTOTYPES = YES;
				CLANG_WARN_SUSPICIOUS_MOVE = YES;
				CLANG_WARN_UNGUARDED_AVAILABILITY = YES_AGGRESSIVE;
				CLANG_WARN_UNREACHABLE_CODE = YES;
				CLANG_WARN__DUPLICATE_METHOD_MATCH = YES;
				COPY_PHASE_STRIP = NO;
				DEBUG_INFORMATION_FORMAT = dwarf;
				ENABLE_STRICT_OBJC_MSGSEND = YES;
				ENABLE_TESTABILITY = YES;
				GCC_C_LANGUAGE_STANDARD = gnu11;
				GCC_DYNAMIC_NO_PIC = NO;
				GCC_NO_COMMON_BLOCKS = YES;
				GCC_OPTIMIZATION_LEVEL = 0;
				GCC_PREPROCESSOR_DEFINITIONS = (
					"DEBUG=1",
					"$(inherited)",
				);
				GCC_WARN_64_TO_32_BIT_CONVERSION = YES;
				GCC_WARN_ABOUT_RETURN_TYPE = YES_ERROR;
				GCC_WARN_UNDECLARED_SELECTOR = YES;
				GCC_WARN_UNINITIALIZED_AUTOS = YES_AGGRESSIVE;
				GCC_WARN_UNUSED_FUNCTION = YES;
				GCC_WARN_UNUSED_VARIABLE = YES;
				IPHONEOS_DEPLOYMENT_TARGET = 14.5;
				MTL_ENABLE_DEBUG_INFO = INCLUDE_SOURCE;
				MTL_FAST_MATH = YES;
				ONLY_ACTIVE_ARCH = YES;
				SDKROOT = iphoneos;
				SWIFT_ACTIVE_COMPILATION_CONDITIONS = DEBUG;
				SWIFT_OPTIMIZATION_LEVEL = "-Onone";
			};
			name = Debug;
		};
		B861F71726FCC2A9009F4794 /* Release */ = {
			isa = XCBuildConfiguration;
			buildSettings = {
				ALWAYS_SEARCH_USER_PATHS = NO;
				CLANG_ANALYZER_NONNULL = YES;
				CLANG_ANALYZER_NUMBER_OBJECT_CONVERSION = YES_AGGRESSIVE;
				CLANG_CXX_LANGUAGE_STANDARD = "gnu++14";
				CLANG_CXX_LIBRARY = "libc++";
				CLANG_ENABLE_MODULES = YES;
				CLANG_ENABLE_OBJC_ARC = YES;
				CLANG_ENABLE_OBJC_WEAK = YES;
				CLANG_WARN_BLOCK_CAPTURE_AUTORELEASING = YES;
				CLANG_WARN_BOOL_CONVERSION = YES;
				CLANG_WARN_COMMA = YES;
				CLANG_WARN_CONSTANT_CONVERSION = YES;
				CLANG_WARN_DEPRECATED_OBJC_IMPLEMENTATIONS = YES;
				CLANG_WARN_DIRECT_OBJC_ISA_USAGE = YES_ERROR;
				CLANG_WARN_DOCUMENTATION_COMMENTS = YES;
				CLANG_WARN_EMPTY_BODY = YES;
				CLANG_WARN_ENUM_CONVERSION = YES;
				CLANG_WARN_INFINITE_RECURSION = YES;
				CLANG_WARN_INT_CONVERSION = YES;
				CLANG_WARN_NON_LITERAL_NULL_CONVERSION = YES;
				CLANG_WARN_OBJC_IMPLICIT_RETAIN_SELF = YES;
				CLANG_WARN_OBJC_LITERAL_CONVERSION = YES;
				CLANG_WARN_OBJC_ROOT_CLASS = YES_ERROR;
				CLANG_WARN_QUOTED_INCLUDE_IN_FRAMEWORK_HEADER = YES;
				CLANG_WARN_RANGE_LOOP_ANALYSIS = YES;
				CLANG_WARN_STRICT_PROTOTYPES = YES;
				CLANG_WARN_SUSPICIOUS_MOVE = YES;
				CLANG_WARN_UNGUARDED_AVAILABILITY = YES_AGGRESSIVE;
				CLANG_WARN_UNREACHABLE_CODE = YES;
				CLANG_WARN__DUPLICATE_METHOD_MATCH = YES;
				COPY_PHASE_STRIP = NO;
				DEBUG_INFORMATION_FORMAT = "dwarf-with-dsym";
				ENABLE_NS_ASSERTIONS = NO;
				ENABLE_STRICT_OBJC_MSGSEND = YES;
				GCC_C_LANGUAGE_STANDARD = gnu11;
				GCC_NO_COMMON_BLOCKS = YES;
				GCC_WARN_64_TO_32_BIT_CONVERSION = YES;
				GCC_WARN_ABOUT_RETURN_TYPE = YES_ERROR;
				GCC_WARN_UNDECLARED_SELECTOR = YES;
				GCC_WARN_UNINITIALIZED_AUTOS = YES_AGGRESSIVE;
				GCC_WARN_UNUSED_FUNCTION = YES;
				GCC_WARN_UNUSED_VARIABLE = YES;
				IPHONEOS_DEPLOYMENT_TARGET = 14.5;
				MTL_ENABLE_DEBUG_INFO = NO;
				MTL_FAST_MATH = YES;
				SDKROOT = iphoneos;
				SWIFT_COMPILATION_MODE = wholemodule;
				SWIFT_OPTIMIZATION_LEVEL = "-O";
				VALIDATE_PRODUCT = YES;
			};
			name = Release;
		};
		B861F71926FCC2A9009F4794 /* Debug */ = {
			isa = XCBuildConfiguration;
			baseConfigurationReference = A62E3AEEB00BD9511D1E79B1 /* Pods-URLSession.debug.xcconfig */;
			buildSettings = {
				ASSETCATALOG_COMPILER_APPICON_NAME = AppIcon;
				ASSETCATALOG_COMPILER_GLOBAL_ACCENT_COLOR_NAME = AccentColor;
				CODE_SIGN_STYLE = Automatic;
				DEVELOPMENT_TEAM = 3SJ4Y68PW7;
				INFOPLIST_FILE = URLSession/Info.plist;
				LD_RUNPATH_SEARCH_PATHS = (
					"$(inherited)",
					"@executable_path/Frameworks",
				);
				PRODUCT_BUNDLE_IDENTIFIER = slothCoder.Inc.URLSession;
				PRODUCT_NAME = "$(TARGET_NAME)";
				SWIFT_VERSION = 5.0;
				TARGETED_DEVICE_FAMILY = "1,2";
			};
			name = Debug;
		};
		B861F71A26FCC2A9009F4794 /* Release */ = {
			isa = XCBuildConfiguration;
			baseConfigurationReference = 0F628E6CE2FD3F0BF74DEE1B /* Pods-URLSession.release.xcconfig */;
			buildSettings = {
				ASSETCATALOG_COMPILER_APPICON_NAME = AppIcon;
				ASSETCATALOG_COMPILER_GLOBAL_ACCENT_COLOR_NAME = AccentColor;
				CODE_SIGN_STYLE = Automatic;
				DEVELOPMENT_TEAM = 3SJ4Y68PW7;
				INFOPLIST_FILE = URLSession/Info.plist;
				LD_RUNPATH_SEARCH_PATHS = (
					"$(inherited)",
					"@executable_path/Frameworks",
				);
				PRODUCT_BUNDLE_IDENTIFIER = slothCoder.Inc.URLSession;
				PRODUCT_NAME = "$(TARGET_NAME)";
				SWIFT_VERSION = 5.0;
				TARGETED_DEVICE_FAMILY = "1,2";
			};
			name = Release;
		};
/* End XCBuildConfiguration section */

/* Begin XCConfigurationList section */
		B861F6FF26FCC2A7009F4794 /* Build configuration list for PBXProject "URLSession" */ = {
			isa = XCConfigurationList;
			buildConfigurations = (
				B861F71626FCC2A9009F4794 /* Debug */,
				B861F71726FCC2A9009F4794 /* Release */,
			);
			defaultConfigurationIsVisible = 0;
			defaultConfigurationName = Release;
		};
		B861F71826FCC2A9009F4794 /* Build configuration list for PBXNativeTarget "URLSession" */ = {
			isa = XCConfigurationList;
			buildConfigurations = (
				B861F71926FCC2A9009F4794 /* Debug */,
				B861F71A26FCC2A9009F4794 /* Release */,
			);
			defaultConfigurationIsVisible = 0;
			defaultConfigurationName = Release;
		};
/* End XCConfigurationList section */
	};
	rootObject = B861F6FC26FCC2A7009F4794 /* Project object */;
}
